{
  "requires": true,
  "lockfileVersion": 1,
  "dependencies": {
    "@babel/code-frame": {
      "version": "7.10.4",
      "resolved": "https://registry.npm.taobao.org/@babel/code-frame/download/@babel/code-frame-7.10.4.tgz",
      "integrity": "sha1-Fo2ho26Q2miujUnA8bSMfGJJITo=",
      "dev": true,
      "requires": {
        "@babel/highlight": "^7.10.4"
      }
    },
    "@babel/helper-validator-identifier": {
      "version": "7.10.4",
      "resolved": "https://registry.npm.taobao.org/@babel/helper-validator-identifier/download/@babel/helper-validator-identifier-7.10.4.tgz",
      "integrity": "sha1-p4x6clHgH2FlEtMbEK3PUq2l4NI=",
      "dev": true
    },
    "@babel/highlight": {
      "version": "7.10.4",
      "resolved": "https://registry.npm.taobao.org/@babel/highlight/download/@babel/highlight-7.10.4.tgz?cache=0&sync_timestamp=1593521251318&other_urls=https%3A%2F%2Fregistry.npm.taobao.org%2F%40babel%2Fhighlight%2Fdownload%2F%40babel%2Fhighlight-7.10.4.tgz",
      "integrity": "sha1-fRvf1ldTU4+r5sOFls23bZrGAUM=",
      "dev": true,
      "requires": {
        "@babel/helper-validator-identifier": "^7.10.4",
        "chalk": "^2.0.0",
        "js-tokens": "^4.0.0"
      }
    },
    "@csstools/convert-colors": {
      "version": "1.4.0",
      "resolved": "https://registry.npm.taobao.org/@csstools/convert-colors/download/@csstools/convert-colors-1.4.0.tgz",
      "integrity": "sha1-rUldxBsS511YjG24uYNPCPoTHrc=",
      "dev": true
    },
    "@types/json-schema": {
      "version": "7.0.6",
      "resolved": "https://registry.npm.taobao.org/@types/json-schema/download/@types/json-schema-7.0.6.tgz",
      "integrity": "sha1-9MfsQ+gbMZqYFRFQMXCfJph4kfA=",
      "dev": true
    },
    "@types/parse-json": {
      "version": "4.0.0",
      "resolved": "https://registry.npm.taobao.org/@types/parse-json/download/@types/parse-json-4.0.0.tgz",
      "integrity": "sha1-L4u0QUNNFjs1+4/9zNcTiSf/uMA=",
      "dev": true
    },
    "ajv": {
      "version": "6.12.5",
      "resolved": "https://registry.npm.taobao.org/ajv/download/ajv-6.12.5.tgz?cache=0&sync_timestamp=1600012525826&other_urls=https%3A%2F%2Fregistry.npm.taobao.org%2Fajv%2Fdownload%2Fajv-6.12.5.tgz",
      "integrity": "sha1-GbDouuj0duW6ZmMAOHd1+xoApNo=",
      "dev": true,
      "requires": {
        "fast-deep-equal": "^3.1.1",
        "fast-json-stable-stringify": "^2.0.0",
        "json-schema-traverse": "^0.4.1",
        "uri-js": "^4.2.2"
      }
    },
    "ajv-keywords": {
      "version": "3.5.2",
      "resolved": "https://registry.npm.taobao.org/ajv-keywords/download/ajv-keywords-3.5.2.tgz?cache=0&sync_timestamp=1595907059959&other_urls=https%3A%2F%2Fregistry.npm.taobao.org%2Fajv-keywords%2Fdownload%2Fajv-keywords-3.5.2.tgz",
      "integrity": "sha1-MfKdpatuANHC0yms97WSlhTVAU0=",
      "dev": true
    },
    "ansi-styles": {
      "version": "3.2.1",
      "resolved": "https://registry.npm.taobao.org/ansi-styles/download/ansi-styles-3.2.1.tgz",
      "integrity": "sha1-QfuyAkPlCxK+DwS43tvwdSDOhB0=",
      "dev": true,
      "requires": {
        "color-convert": "^1.9.0"
      }
    },
    "autoprefixer": {
      "version": "9.8.6",
      "resolved": "https://registry.npm.taobao.org/autoprefixer/download/autoprefixer-9.8.6.tgz?cache=0&sync_timestamp=1596140678387&other_urls=https%3A%2F%2Fregistry.npm.taobao.org%2Fautoprefixer%2Fdownload%2Fautoprefixer-9.8.6.tgz",
      "integrity": "sha1-O3NZTKG/kmYyDFrPFYjXTep0IQ8=",
      "dev": true,
      "requires": {
        "browserslist": "^4.12.0",
        "caniuse-lite": "^1.0.30001109",
        "colorette": "^1.2.1",
        "normalize-range": "^0.1.2",
        "num2fraction": "^1.2.2",
        "postcss": "^7.0.32",
        "postcss-value-parser": "^4.1.0"
      }
    },
    "balanced-match": {
      "version": "1.0.0",
      "resolved": "https://registry.npm.taobao.org/balanced-match/download/balanced-match-1.0.0.tgz",
      "integrity": "sha1-ibTRmasr7kneFk6gK4nORi1xt2c=",
      "dev": true
    },
    "big.js": {
      "version": "5.2.2",
      "resolved": "https://registry.npm.taobao.org/big.js/download/big.js-5.2.2.tgz",
      "integrity": "sha1-ZfCvOC9Xi83HQr2cKB6cstd2gyg=",
      "dev": true
    },
    "browserslist": {
      "version": "4.14.2",
      "resolved": "https://registry.npm.taobao.org/browserslist/download/browserslist-4.14.2.tgz?cache=0&sync_timestamp=1599675930923&other_urls=https%3A%2F%2Fregistry.npm.taobao.org%2Fbrowserslist%2Fdownload%2Fbrowserslist-4.14.2.tgz",
      "integrity": "sha1-GzzsRYobqHWIzF6b5i8ZttSIE84=",
      "dev": true,
      "requires": {
        "caniuse-lite": "^1.0.30001125",
        "electron-to-chromium": "^1.3.564",
        "escalade": "^3.0.2",
        "node-releases": "^1.1.61"
      }
    },
    "callsites": {
      "version": "3.1.0",
      "resolved": "https://registry.npm.taobao.org/callsites/download/callsites-3.1.0.tgz",
      "integrity": "sha1-s2MKvYlDQy9Us/BRkjjjPNffL3M=",
      "dev": true
    },
    "caniuse-lite": {
      "version": "1.0.30001131",
      "resolved": "https://registry.npm.taobao.org/caniuse-lite/download/caniuse-lite-1.0.30001131.tgz?cache=0&sync_timestamp=1600149878288&other_urls=https%3A%2F%2Fregistry.npm.taobao.org%2Fcaniuse-lite%2Fdownload%2Fcaniuse-lite-1.0.30001131.tgz",
      "integrity": "sha1-r62KKPwreg066UB+cQhaDq2QXVQ=",
      "dev": true
    },
    "chalk": {
      "version": "2.4.2",
      "resolved": "https://registry.npm.taobao.org/chalk/download/chalk-2.4.2.tgz",
      "integrity": "sha1-zUJUFnelQzPPVBpJEIwUMrRMlCQ=",
      "dev": true,
      "requires": {
        "ansi-styles": "^3.2.1",
        "escape-string-regexp": "^1.0.5",
        "supports-color": "^5.3.0"
      }
    },
    "color-convert": {
      "version": "1.9.3",
      "resolved": "https://registry.npm.taobao.org/color-convert/download/color-convert-1.9.3.tgz",
      "integrity": "sha1-u3GFBpDh8TZWfeYp0tVHHe2kweg=",
      "dev": true,
      "requires": {
        "color-name": "1.1.3"
      }
    },
    "color-name": {
      "version": "1.1.3",
      "resolved": "https://registry.npm.taobao.org/color-name/download/color-name-1.1.3.tgz",
      "integrity": "sha1-p9BVi9icQveV3UIyj3QIMcpTvCU=",
      "dev": true
    },
    "colorette": {
      "version": "1.2.1",
      "resolved": "https://registry.npm.taobao.org/colorette/download/colorette-1.2.1.tgz",
      "integrity": "sha1-TQuSEyXBT6+SYzCGpTbbbolWSxs=",
      "dev": true
    },
    "cosmiconfig": {
      "version": "7.0.0",
      "resolved": "https://registry.npm.taobao.org/cosmiconfig/download/cosmiconfig-7.0.0.tgz?cache=0&sync_timestamp=1596310657948&other_urls=https%3A%2F%2Fregistry.npm.taobao.org%2Fcosmiconfig%2Fdownload%2Fcosmiconfig-7.0.0.tgz",
      "integrity": "sha1-75tE13OVnK5j3ezRIt4jhTtg+NM=",
      "dev": true,
      "requires": {
        "@types/parse-json": "^4.0.0",
        "import-fresh": "^3.2.1",
        "parse-json": "^5.0.0",
        "path-type": "^4.0.0",
        "yaml": "^1.10.0"
      }
    },
    "css-blank-pseudo": {
      "version": "0.1.4",
      "resolved": "https://registry.npm.taobao.org/css-blank-pseudo/download/css-blank-pseudo-0.1.4.tgz",
      "integrity": "sha1-3979MlS/ioICeZNnTM81SDv8s8U=",
      "dev": true,
      "requires": {
        "postcss": "^7.0.5"
      }
    },
    "css-has-pseudo": {
      "version": "0.10.0",
      "resolved": "https://registry.npm.taobao.org/css-has-pseudo/download/css-has-pseudo-0.10.0.tgz",
      "integrity": "sha1-PGQqs0yiQsWcQaEl35EFhB9pZu4=",
      "dev": true,
      "requires": {
        "postcss": "^7.0.6",
        "postcss-selector-parser": "^5.0.0-rc.4"
      }
    },
    "css-prefers-color-scheme": {
      "version": "3.1.1",
      "resolved": "https://registry.npm.taobao.org/css-prefers-color-scheme/download/css-prefers-color-scheme-3.1.1.tgz",
      "integrity": "sha1-b4MKJxQZnU8NDQu4onkW7WXP8fQ=",
      "dev": true,
      "requires": {
        "postcss": "^7.0.5"
      }
    },
    "cssdb": {
      "version": "4.4.0",
      "resolved": "https://registry.npm.taobao.org/cssdb/download/cssdb-4.4.0.tgz",
      "integrity": "sha1-O/LypowQ9cagir2SN4Mx7oA83bA=",
      "dev": true
    },
    "cssesc": {
      "version": "2.0.0",
      "resolved": "https://registry.npm.taobao.org/cssesc/download/cssesc-2.0.0.tgz",
      "integrity": "sha1-OxO9G7HLNuG8taTc0n9UxdyzVwM=",
      "dev": true
    },
    "electron-to-chromium": {
      "version": "1.3.568",
      "resolved": "https://registry.npm.taobao.org/electron-to-chromium/download/electron-to-chromium-1.3.568.tgz?cache=0&sync_timestamp=1600140847816&other_urls=https%3A%2F%2Fregistry.npm.taobao.org%2Felectron-to-chromium%2Fdownload%2Felectron-to-chromium-1.3.568.tgz",
      "integrity": "sha1-D6KM0+XL2ejGb3Iwnu8GRvZaW2Y=",
      "dev": true
    },
    "emojis-list": {
      "version": "3.0.0",
      "resolved": "https://registry.npm.taobao.org/emojis-list/download/emojis-list-3.0.0.tgz",
      "integrity": "sha1-VXBmIEatKeLpFucariYKvf9Pang=",
      "dev": true
    },
    "error-ex": {
      "version": "1.3.2",
      "resolved": "https://registry.npm.taobao.org/error-ex/download/error-ex-1.3.2.tgz",
      "integrity": "sha1-tKxAZIEH/c3PriQvQovqihTU8b8=",
      "dev": true,
      "requires": {
        "is-arrayish": "^0.2.1"
      }
    },
    "escalade": {
      "version": "3.1.0",
      "resolved": "https://registry.npm.taobao.org/escalade/download/escalade-3.1.0.tgz?cache=0&sync_timestamp=1600103269005&other_urls=https%3A%2F%2Fregistry.npm.taobao.org%2Fescalade%2Fdownload%2Fescalade-3.1.0.tgz",
      "integrity": "sha1-6OLXx6i3b27mTCGB1rgVFEFgLU4=",
      "dev": true
    },
    "escape-string-regexp": {
      "version": "1.0.5",
      "resolved": "https://registry.npm.taobao.org/escape-string-regexp/download/escape-string-regexp-1.0.5.tgz",
      "integrity": "sha1-G2HAViGQqN/2rjuyzwIAyhMLhtQ=",
      "dev": true
    },
    "fast-deep-equal": {
      "version": "3.1.3",
      "resolved": "https://registry.npm.taobao.org/fast-deep-equal/download/fast-deep-equal-3.1.3.tgz?cache=0&sync_timestamp=1591599604098&other_urls=https%3A%2F%2Fregistry.npm.taobao.org%2Ffast-deep-equal%2Fdownload%2Ffast-deep-equal-3.1.3.tgz",
      "integrity": "sha1-On1WtVnWy8PrUSMlJE5hmmXGxSU=",
      "dev": true
    },
    "fast-json-stable-stringify": {
      "version": "2.1.0",
      "resolved": "https://registry.npm.taobao.org/fast-json-stable-stringify/download/fast-json-stable-stringify-2.1.0.tgz?cache=0&sync_timestamp=1576367703577&other_urls=https%3A%2F%2Fregistry.npm.taobao.org%2Ffast-json-stable-stringify%2Fdownload%2Ffast-json-stable-stringify-2.1.0.tgz",
      "integrity": "sha1-h0v2nG9ATCtdmcSBNBOZ/VWJJjM=",
      "dev": true
    },
    "flatten": {
      "version": "1.0.3",
      "resolved": "https://registry.npm.taobao.org/flatten/download/flatten-1.0.3.tgz",
      "integrity": "sha1-wSg6yfJ7Noq8HjbR/3sEUBowNWs=",
      "dev": true
    },
    "has-flag": {
      "version": "3.0.0",
      "resolved": "https://registry.npm.taobao.org/has-flag/download/has-flag-3.0.0.tgz",
      "integrity": "sha1-tdRU3CGZriJWmfNGfloH87lVuv0=",
      "dev": true
    },
    "import-fresh": {
      "version": "3.2.1",
      "resolved": "https://registry.npm.taobao.org/import-fresh/download/import-fresh-3.2.1.tgz",
      "integrity": "sha1-Yz/2GFBueTr1rJG/SLcmd+FcvmY=",
      "dev": true,
      "requires": {
        "parent-module": "^1.0.0",
        "resolve-from": "^4.0.0"
      }
    },
    "indexes-of": {
      "version": "1.0.1",
      "resolved": "https://registry.npm.taobao.org/indexes-of/download/indexes-of-1.0.1.tgz",
      "integrity": "sha1-8w9xbI4r00bHtn0985FVZqfAVgc=",
      "dev": true
    },
    "is-arrayish": {
      "version": "0.2.1",
      "resolved": "https://registry.npm.taobao.org/is-arrayish/download/is-arrayish-0.2.1.tgz",
      "integrity": "sha1-d8mYQFJ6qOyxqLppe4BkWnqSap0=",
      "dev": true
    },
    "js-tokens": {
      "version": "4.0.0",
      "resolved": "https://registry.npm.taobao.org/js-tokens/download/js-tokens-4.0.0.tgz",
      "integrity": "sha1-GSA/tZmR35jjoocFDUZHzerzJJk=",
      "dev": true
    },
    "json-parse-even-better-errors": {
      "version": "2.3.1",
      "resolved": "https://registry.npm.taobao.org/json-parse-even-better-errors/download/json-parse-even-better-errors-2.3.1.tgz?cache=0&sync_timestamp=1599064822543&other_urls=https%3A%2F%2Fregistry.npm.taobao.org%2Fjson-parse-even-better-errors%2Fdownload%2Fjson-parse-even-better-errors-2.3.1.tgz",
      "integrity": "sha1-fEeAWpQxmSjgV3dAXcEuH3pO4C0=",
      "dev": true
    },
    "json-schema-traverse": {
      "version": "0.4.1",
      "resolved": "https://registry.npm.taobao.org/json-schema-traverse/download/json-schema-traverse-0.4.1.tgz?cache=0&sync_timestamp=1599333999343&other_urls=https%3A%2F%2Fregistry.npm.taobao.org%2Fjson-schema-traverse%2Fdownload%2Fjson-schema-traverse-0.4.1.tgz",
      "integrity": "sha1-afaofZUTq4u4/mO9sJecRI5oRmA=",
      "dev": true
    },
    "json5": {
      "version": "2.1.3",
      "resolved": "https://registry.npm.taobao.org/json5/download/json5-2.1.3.tgz?cache=0&sync_timestamp=1586046271069&other_urls=https%3A%2F%2Fregistry.npm.taobao.org%2Fjson5%2Fdownload%2Fjson5-2.1.3.tgz",
      "integrity": "sha1-ybD3+pIzv+WAf+ZvzzpWF+1ZfUM=",
      "dev": true,
      "requires": {
        "minimist": "^1.2.5"
      }
    },
    "klona": {
      "version": "2.0.3",
      "resolved": "https://registry.npm.taobao.org/klona/download/klona-2.0.3.tgz?cache=0&sync_timestamp=1597808961622&other_urls=https%3A%2F%2Fregistry.npm.taobao.org%2Fklona%2Fdownload%2Fklona-2.0.3.tgz",
      "integrity": "sha1-mCdFUsUTWDrXoBRWp4mioLSipTg=",
      "dev": true
    },
    "lines-and-columns": {
      "version": "1.1.6",
      "resolved": "https://registry.npm.taobao.org/lines-and-columns/download/lines-and-columns-1.1.6.tgz",
      "integrity": "sha1-HADHQ7QzzQpOgHWPe2SldEDZ/wA=",
      "dev": true
    },
    "loader-utils": {
      "version": "2.0.0",
      "resolved": "https://registry.npm.taobao.org/loader-utils/download/loader-utils-2.0.0.tgz",
      "integrity": "sha1-5MrOW4FtQloWa18JfhDNErNgZLA=",
      "dev": true,
      "requires": {
        "big.js": "^5.2.2",
        "emojis-list": "^3.0.0",
        "json5": "^2.1.2"
      }
    },
    "lodash._reinterpolate": {
      "version": "3.0.0",
      "resolved": "https://registry.npm.taobao.org/lodash._reinterpolate/download/lodash._reinterpolate-3.0.0.tgz",
      "integrity": "sha1-DM8tiRZq8Ds2Y8eWU4t1rG4RTZ0=",
      "dev": true
    },
    "lodash.template": {
      "version": "4.5.0",
      "resolved": "https://registry.npm.taobao.org/lodash.template/download/lodash.template-4.5.0.tgz",
      "integrity": "sha1-+XYZXPPzR9DV9SSDVp/oAxzM6Ks=",
      "dev": true,
      "requires": {
        "lodash._reinterpolate": "^3.0.0",
        "lodash.templatesettings": "^4.0.0"
      }
    },
    "lodash.templatesettings": {
      "version": "4.2.0",
      "resolved": "https://registry.npm.taobao.org/lodash.templatesettings/download/lodash.templatesettings-4.2.0.tgz",
      "integrity": "sha1-5IExDwSdPPbUfpEq0JMTsVTw+zM=",
      "dev": true,
      "requires": {
        "lodash._reinterpolate": "^3.0.0"
      }
    },
    "minimist": {
      "version": "1.2.5",
      "resolved": "https://registry.npm.taobao.org/minimist/download/minimist-1.2.5.tgz",
      "integrity": "sha1-Z9ZgFLZqaoqqDAg8X9WN9OTpdgI=",
      "dev": true
    },
    "node-releases": {
      "version": "1.1.61",
      "resolved": "https://registry.npm.taobao.org/node-releases/download/node-releases-1.1.61.tgz?cache=0&sync_timestamp=1599612931857&other_urls=https%3A%2F%2Fregistry.npm.taobao.org%2Fnode-releases%2Fdownload%2Fnode-releases-1.1.61.tgz",
      "integrity": "sha1-cHsPypzk4ReDYSukovy6CQR68W4=",
      "dev": true
    },
    "normalize-range": {
      "version": "0.1.2",
      "resolved": "https://registry.npm.taobao.org/normalize-range/download/normalize-range-0.1.2.tgz",
      "integrity": "sha1-LRDAa9/TEuqXd2laTShDlFa3WUI=",
      "dev": true
    },
    "num2fraction": {
      "version": "1.2.2",
      "resolved": "https://registry.npm.taobao.org/num2fraction/download/num2fraction-1.2.2.tgz",
      "integrity": "sha1-b2gragJ6Tp3fpFZM0lidHU5mnt4=",
      "dev": true
    },
    "parent-module": {
      "version": "1.0.1",
      "resolved": "https://registry.npm.taobao.org/parent-module/download/parent-module-1.0.1.tgz",
      "integrity": "sha1-aR0nCeeMefrjoVZiJFLQB2LKqqI=",
      "dev": true,
      "requires": {
        "callsites": "^3.0.0"
      }
    },
    "parse-json": {
      "version": "5.1.0",
      "resolved": "https://registry.npm.taobao.org/parse-json/download/parse-json-5.1.0.tgz?cache=0&sync_timestamp=1598129230057&other_urls=https%3A%2F%2Fregistry.npm.taobao.org%2Fparse-json%2Fdownload%2Fparse-json-5.1.0.tgz",
      "integrity": "sha1-+WCIzfJKj6qa6poAny2dlCyZlkY=",
      "dev": true,
      "requires": {
        "@babel/code-frame": "^7.0.0",
        "error-ex": "^1.3.1",
        "json-parse-even-better-errors": "^2.3.0",
        "lines-and-columns": "^1.1.6"
      }
    },
    "path-type": {
      "version": "4.0.0",
      "resolved": "https://registry.npm.taobao.org/path-type/download/path-type-4.0.0.tgz",
      "integrity": "sha1-hO0BwKe6OAr+CdkKjBgNzZ0DBDs=",
      "dev": true
    },
    "postcss": {
      "version": "7.0.32",
      "resolved": "https://registry.npm.taobao.org/postcss/download/postcss-7.0.32.tgz",
      "integrity": "sha1-QxDW7jRwU9o0M9sr5JKIPWLOxZ0=",
      "dev": true,
      "requires": {
        "chalk": "^2.4.2",
        "source-map": "^0.6.1",
        "supports-color": "^6.1.0"
      },
      "dependencies": {
        "supports-color": {
          "version": "6.1.0",
          "resolved": "https://registry.npm.taobao.org/supports-color/download/supports-color-6.1.0.tgz?cache=0&sync_timestamp=1598611771865&other_urls=https%3A%2F%2Fregistry.npm.taobao.org%2Fsupports-color%2Fdownload%2Fsupports-color-6.1.0.tgz",
          "integrity": "sha1-B2Srxpxj1ayELdSGfo0CXogN+PM=",
          "dev": true,
          "requires": {
            "has-flag": "^3.0.0"
          }
        }
      }
    },
    "postcss-attribute-case-insensitive": {
      "version": "4.0.2",
      "resolved": "https://registry.npm.taobao.org/postcss-attribute-case-insensitive/download/postcss-attribute-case-insensitive-4.0.2.tgz",
      "integrity": "sha1-2T5GtQRYnpSscnewRjImxoBBqIA=",
      "dev": true,
      "requires": {
        "postcss": "^7.0.2",
        "postcss-selector-parser": "^6.0.2"
      },
      "dependencies": {
        "cssesc": {
          "version": "3.0.0",
          "resolved": "https://registry.npm.taobao.org/cssesc/download/cssesc-3.0.0.tgz",
          "integrity": "sha1-N3QZGZA7hoVl4cCep0dEXNGJg+4=",
          "dev": true
        },
        "postcss-selector-parser": {
          "version": "6.0.2",
          "resolved": "https://registry.npm.taobao.org/postcss-selector-parser/download/postcss-selector-parser-6.0.2.tgz",
          "integrity": "sha1-k0z3mdAWyDQRhZ4J3Oyt4BKG7Fw=",
          "dev": true,
          "requires": {
            "cssesc": "^3.0.0",
            "indexes-of": "^1.0.1",
            "uniq": "^1.0.1"
          }
        }
      }
    },
    "postcss-color-functional-notation": {
      "version": "2.0.1",
      "resolved": "https://registry.npm.taobao.org/postcss-color-functional-notation/download/postcss-color-functional-notation-2.0.1.tgz",
      "integrity": "sha1-Xv03qI+6vrAKKWbR5T2Yztk/dOA=",
      "dev": true,
      "requires": {
        "postcss": "^7.0.2",
        "postcss-values-parser": "^2.0.0"
      }
    },
    "postcss-color-gray": {
      "version": "5.0.0",
      "resolved": "https://registry.npm.taobao.org/postcss-color-gray/download/postcss-color-gray-5.0.0.tgz",
      "integrity": "sha1-Uyox65CfjaiYzv/ilv3B+GS+hUc=",
      "dev": true,
      "requires": {
        "@csstools/convert-colors": "^1.4.0",
        "postcss": "^7.0.5",
        "postcss-values-parser": "^2.0.0"
      }
    },
    "postcss-color-hex-alpha": {
      "version": "5.0.3",
      "resolved": "https://registry.npm.taobao.org/postcss-color-hex-alpha/download/postcss-color-hex-alpha-5.0.3.tgz",
      "integrity": "sha1-qNnKTDnUl8lmHjdLnFGJnvD4c4g=",
      "dev": true,
      "requires": {
        "postcss": "^7.0.14",
        "postcss-values-parser": "^2.0.1"
      }
    },
    "postcss-color-mod-function": {
      "version": "3.0.3",
      "resolved": "https://registry.npm.taobao.org/postcss-color-mod-function/download/postcss-color-mod-function-3.0.3.tgz",
      "integrity": "sha1-gWuhRawRzDy2uqkFp1pJ+QPk0x0=",
      "dev": true,
      "requires": {
        "@csstools/convert-colors": "^1.4.0",
        "postcss": "^7.0.2",
        "postcss-values-parser": "^2.0.0"
      }
    },
    "postcss-color-rebeccapurple": {
      "version": "4.0.1",
      "resolved": "https://registry.npm.taobao.org/postcss-color-rebeccapurple/download/postcss-color-rebeccapurple-4.0.1.tgz",
      "integrity": "sha1-x6ib6HK7dORbHjAiv+V0iCPm3nc=",
      "dev": true,
      "requires": {
        "postcss": "^7.0.2",
        "postcss-values-parser": "^2.0.0"
      }
    },
    "postcss-custom-media": {
      "version": "7.0.8",
      "resolved": "https://registry.npm.taobao.org/postcss-custom-media/download/postcss-custom-media-7.0.8.tgz",
      "integrity": "sha1-//0T/+/61zYhvl84cHaiiwApTgw=",
      "dev": true,
      "requires": {
        "postcss": "^7.0.14"
      }
    },
    "postcss-custom-properties": {
      "version": "8.0.11",
      "resolved": "https://registry.npm.taobao.org/postcss-custom-properties/download/postcss-custom-properties-8.0.11.tgz",
      "integrity": "sha1-LWF3LW6S8i9eDVJgLfj65G+jDZc=",
      "dev": true,
      "requires": {
        "postcss": "^7.0.17",
        "postcss-values-parser": "^2.0.1"
      }
    },
    "postcss-custom-selectors": {
      "version": "5.1.2",
      "resolved": "https://registry.npm.taobao.org/postcss-custom-selectors/download/postcss-custom-selectors-5.1.2.tgz",
      "integrity": "sha1-ZIWMbrLs/y+0HQsoyd17PbTef7o=",
      "dev": true,
      "requires": {
        "postcss": "^7.0.2",
        "postcss-selector-parser": "^5.0.0-rc.3"
      }
    },
    "postcss-dir-pseudo-class": {
      "version": "5.0.0",
      "resolved": "https://registry.npm.taobao.org/postcss-dir-pseudo-class/download/postcss-dir-pseudo-class-5.0.0.tgz",
      "integrity": "sha1-bjpBd9Dts6vMhf22+7HCbauuq6I=",
      "dev": true,
      "requires": {
        "postcss": "^7.0.2",
        "postcss-selector-parser": "^5.0.0-rc.3"
      }
    },
    "postcss-double-position-gradients": {
      "version": "1.0.0",
      "resolved": "https://registry.npm.taobao.org/postcss-double-position-gradients/download/postcss-double-position-gradients-1.0.0.tgz",
      "integrity": "sha1-/JJ9Uv3ciWyzooEuvF3xR+EQUi4=",
      "dev": true,
      "requires": {
        "postcss": "^7.0.5",
        "postcss-values-parser": "^2.0.0"
      }
    },
    "postcss-env-function": {
      "version": "2.0.2",
      "resolved": "https://registry.npm.taobao.org/postcss-env-function/download/postcss-env-function-2.0.2.tgz",
      "integrity": "sha1-Dz49PFfwlKksK69LYkHwsNpTZdc=",
      "dev": true,
      "requires": {
        "postcss": "^7.0.2",
        "postcss-values-parser": "^2.0.0"
      }
    },
    "postcss-focus-visible": {
      "version": "4.0.0",
      "resolved": "https://registry.npm.taobao.org/postcss-focus-visible/download/postcss-focus-visible-4.0.0.tgz",
      "integrity": "sha1-R30QcROt5gJLFBKDF63ivR4XBG4=",
      "dev": true,
      "requires": {
        "postcss": "^7.0.2"
      }
    },
    "postcss-focus-within": {
      "version": "3.0.0",
      "resolved": "https://registry.npm.taobao.org/postcss-focus-within/download/postcss-focus-within-3.0.0.tgz",
      "integrity": "sha1-djuHiFls7puHTJmSAc3egGWe9oA=",
      "dev": true,
      "requires": {
        "postcss": "^7.0.2"
      }
    },
    "postcss-font-variant": {
      "version": "4.0.0",
      "resolved": "https://registry.npm.taobao.org/postcss-font-variant/download/postcss-font-variant-4.0.0.tgz",
      "integrity": "sha1-cd08bBCg2EbF7aB4A0OWF7u6usw=",
      "dev": true,
      "requires": {
        "postcss": "^7.0.2"
      }
    },
    "postcss-gap-properties": {
      "version": "2.0.0",
      "resolved": "https://registry.npm.taobao.org/postcss-gap-properties/download/postcss-gap-properties-2.0.0.tgz",
      "integrity": "sha1-QxwZKrPtlqPD0J8v9hWWD5AsFxU=",
      "dev": true,
      "requires": {
        "postcss": "^7.0.2"
      }
    },
    "postcss-image-set-function": {
      "version": "3.0.1",
      "resolved": "https://registry.npm.taobao.org/postcss-image-set-function/download/postcss-image-set-function-3.0.1.tgz",
      "integrity": "sha1-KJIKLymUW+1MMZjX32SW1BDT8og=",
      "dev": true,
      "requires": {
        "postcss": "^7.0.2",
        "postcss-values-parser": "^2.0.0"
      }
    },
    "postcss-initial": {
      "version": "3.0.2",
      "resolved": "https://registry.npm.taobao.org/postcss-initial/download/postcss-initial-3.0.2.tgz",
      "integrity": "sha1-8BhWNpSzwWro6qvjxYWsYxljey0=",
      "dev": true,
      "requires": {
        "lodash.template": "^4.5.0",
        "postcss": "^7.0.2"
      }
    },
    "postcss-lab-function": {
      "version": "2.0.1",
      "resolved": "https://registry.npm.taobao.org/postcss-lab-function/download/postcss-lab-function-2.0.1.tgz",
      "integrity": "sha1-u1GmhWzRIomrSuINseOCHvE9fS4=",
      "dev": true,
      "requires": {
        "@csstools/convert-colors": "^1.4.0",
        "postcss": "^7.0.2",
        "postcss-values-parser": "^2.0.0"
      }
    },
    "postcss-loader": {
      "version": "4.0.1",
      "resolved": "https://registry.npm.taobao.org/postcss-loader/download/postcss-loader-4.0.1.tgz?cache=0&sync_timestamp=1599584305116&other_urls=https%3A%2F%2Fregistry.npm.taobao.org%2Fpostcss-loader%2Fdownload%2Fpostcss-loader-4.0.1.tgz",
      "integrity": "sha1-0aLPRDAFvNZehW04gSBIhmRjmNQ=",
      "dev": true,
      "requires": {
        "cosmiconfig": "^7.0.0",
        "klona": "^2.0.3",
        "loader-utils": "^2.0.0",
        "schema-utils": "^2.7.1",
        "semver": "^7.3.2"
      }
    },
    "postcss-logical": {
      "version": "3.0.0",
      "resolved": "https://registry.npm.taobao.org/postcss-logical/download/postcss-logical-3.0.0.tgz",
      "integrity": "sha1-JJXQ+LgunyYnJfdflAGzTntF1bU=",
      "dev": true,
      "requires": {
        "postcss": "^7.0.2"
      }
    },
    "postcss-media-minmax": {
      "version": "4.0.0",
      "resolved": "https://registry.npm.taobao.org/postcss-media-minmax/download/postcss-media-minmax-4.0.0.tgz",
      "integrity": "sha1-t1u2y8IXyKxJQz4S8iBIgUpPXtU=",
      "dev": true,
      "requires": {
        "postcss": "^7.0.2"
      }
    },
    "postcss-nesting": {
      "version": "7.0.1",
      "resolved": "https://registry.npm.taobao.org/postcss-nesting/download/postcss-nesting-7.0.1.tgz",
      "integrity": "sha1-tQrXt/AXPlteOIDDUBNEcD4EwFI=",
      "dev": true,
      "requires": {
        "postcss": "^7.0.2"
      }
    },
    "postcss-overflow-shorthand": {
      "version": "2.0.0",
      "resolved": "https://registry.npm.taobao.org/postcss-overflow-shorthand/download/postcss-overflow-shorthand-2.0.0.tgz",
      "integrity": "sha1-MezzUOnG9t3CUKePDD4RHzLdTDA=",
      "dev": true,
      "requires": {
        "postcss": "^7.0.2"
      }
    },
    "postcss-page-break": {
      "version": "2.0.0",
      "resolved": "https://registry.npm.taobao.org/postcss-page-break/download/postcss-page-break-2.0.0.tgz",
      "integrity": "sha1-rdUtDgpSjKvmr+6LRuKrsnffRr8=",
      "dev": true,
      "requires": {
        "postcss": "^7.0.2"
      }
    },
    "postcss-place": {
      "version": "4.0.1",
      "resolved": "https://registry.npm.taobao.org/postcss-place/download/postcss-place-4.0.1.tgz",
      "integrity": "sha1-6fOdM9LcWE5G7h20Wtt3yp0dzGI=",
      "dev": true,
      "requires": {
        "postcss": "^7.0.2",
        "postcss-values-parser": "^2.0.0"
      }
    },
    "postcss-preset-env": {
      "version": "6.7.0",
      "resolved": "https://registry.npm.taobao.org/postcss-preset-env/download/postcss-preset-env-6.7.0.tgz",
      "integrity": "sha1-w03az4+QI4OzWtHgMPF49M3xGKU=",
      "dev": true,
      "requires": {
        "autoprefixer": "^9.6.1",
        "browserslist": "^4.6.4",
        "caniuse-lite": "^1.0.30000981",
        "css-blank-pseudo": "^0.1.4",
        "css-has-pseudo": "^0.10.0",
        "css-prefers-color-scheme": "^3.1.1",
        "cssdb": "^4.4.0",
        "postcss": "^7.0.17",
        "postcss-attribute-case-insensitive": "^4.0.1",
        "postcss-color-functional-notation": "^2.0.1",
        "postcss-color-gray": "^5.0.0",
        "postcss-color-hex-alpha": "^5.0.3",
        "postcss-color-mod-function": "^3.0.3",
        "postcss-color-rebeccapurple": "^4.0.1",
        "postcss-custom-media": "^7.0.8",
        "postcss-custom-properties": "^8.0.11",
        "postcss-custom-selectors": "^5.1.2",
        "postcss-dir-pseudo-class": "^5.0.0",
        "postcss-double-position-gradients": "^1.0.0",
        "postcss-env-function": "^2.0.2",
        "postcss-focus-visible": "^4.0.0",
        "postcss-focus-within": "^3.0.0",
        "postcss-font-variant": "^4.0.0",
        "postcss-gap-properties": "^2.0.0",
        "postcss-image-set-function": "^3.0.1",
        "postcss-initial": "^3.0.0",
        "postcss-lab-function": "^2.0.1",
        "postcss-logical": "^3.0.0",
        "postcss-media-minmax": "^4.0.0",
        "postcss-nesting": "^7.0.0",
        "postcss-overflow-shorthand": "^2.0.0",
        "postcss-page-break": "^2.0.0",
        "postcss-place": "^4.0.1",
        "postcss-pseudo-class-any-link": "^6.0.0",
        "postcss-replace-overflow-wrap": "^3.0.0",
        "postcss-selector-matches": "^4.0.0",
        "postcss-selector-not": "^4.0.0"
      }
    },
    "postcss-pseudo-class-any-link": {
      "version": "6.0.0",
      "resolved": "https://registry.npm.taobao.org/postcss-pseudo-class-any-link/download/postcss-pseudo-class-any-link-6.0.0.tgz",
      "integrity": "sha1-LtPu05OzcCh53sSocDKyENrrBNE=",
      "dev": true,
      "requires": {
        "postcss": "^7.0.2",
        "postcss-selector-parser": "^5.0.0-rc.3"
      }
    },
    "postcss-replace-overflow-wrap": {
      "version": "3.0.0",
      "resolved": "https://registry.npm.taobao.org/postcss-replace-overflow-wrap/download/postcss-replace-overflow-wrap-3.0.0.tgz",
      "integrity": "sha1-YbNg/9rtyoTHyRjSsPDQ6lWasBw=",
      "dev": true,
      "requires": {
        "postcss": "^7.0.2"
      }
    },
    "postcss-selector-matches": {
      "version": "4.0.0",
      "resolved": "https://registry.npm.taobao.org/postcss-selector-matches/download/postcss-selector-matches-4.0.0.tgz",
      "integrity": "sha1-ccgkj5F7osyTA3yWN+4JxkQ2/P8=",
      "dev": true,
      "requires": {
        "balanced-match": "^1.0.0",
        "postcss": "^7.0.2"
      }
    },
    "postcss-selector-not": {
      "version": "4.0.0",
      "resolved": "https://registry.npm.taobao.org/postcss-selector-not/download/postcss-selector-not-4.0.0.tgz",
      "integrity": "sha1-xo/3upZSdJnoMnJKJnTWVgO2RcA=",
      "dev": true,
      "requires": {
        "balanced-match": "^1.0.0",
        "postcss": "^7.0.2"
      }
    },
    "postcss-selector-parser": {
      "version": "5.0.0",
      "resolved": "https://registry.npm.taobao.org/postcss-selector-parser/download/postcss-selector-parser-5.0.0.tgz",
      "integrity": "sha1-JJBENWaXsztk8aj3yAki3d7nGVw=",
      "dev": true,
      "requires": {
        "cssesc": "^2.0.0",
        "indexes-of": "^1.0.1",
        "uniq": "^1.0.1"
      }
    },
    "postcss-value-parser": {
      "version": "4.1.0",
      "resolved": "https://registry.npm.taobao.org/postcss-value-parser/download/postcss-value-parser-4.1.0.tgz",
      "integrity": "sha1-RD9qIM7WSBor2k+oUypuVdeJoss=",
      "dev": true
    },
    "postcss-values-parser": {
      "version": "2.0.1",
      "resolved": "https://registry.npm.taobao.org/postcss-values-parser/download/postcss-values-parser-2.0.1.tgz",
      "integrity": "sha1-2otHLZAdoeIFtHvcmGN7np5VDl8=",
      "dev": true,
      "requires": {
        "flatten": "^1.0.2",
        "indexes-of": "^1.0.1",
        "uniq": "^1.0.1"
      }
    },
    "punycode": {
      "version": "2.1.1",
      "resolved": "https://registry.npm.taobao.org/punycode/download/punycode-2.1.1.tgz",
      "integrity": "sha1-tYsBCsQMIsVldhbI0sLALHv0eew=",
      "dev": true
    },
    "resolve-from": {
      "version": "4.0.0",
      "resolved": "https://registry.npm.taobao.org/resolve-from/download/resolve-from-4.0.0.tgz",
      "integrity": "sha1-SrzYUq0y3Xuqv+m0DgCjbbXzkuY=",
      "dev": true
    },
    "schema-utils": {
      "version": "2.7.1",
      "resolved": "https://registry.npm.taobao.org/schema-utils/download/schema-utils-2.7.1.tgz",
      "integrity": "sha1-HKTzLRskxZDCA7jnpQvw6kzTlNc=",
      "dev": true,
      "requires": {
        "@types/json-schema": "^7.0.5",
        "ajv": "^6.12.4",
        "ajv-keywords": "^3.5.2"
      }
    },
    "semver": {
      "version": "7.3.2",
      "resolved": "https://registry.npm.taobao.org/semver/download/semver-7.3.2.tgz",
      "integrity": "sha1-YElisFK4HtB4aq6EOJ/7pw/9OTg=",
      "dev": true
    },
    "source-map": {
      "version": "0.6.1",
      "resolved": "https://registry.npm.taobao.org/source-map/download/source-map-0.6.1.tgz",
      "integrity": "sha1-dHIq8y6WFOnCh6jQu95IteLxomM=",
      "dev": true
    },
    "supports-color": {
      "version": "5.5.0",
      "resolved": "https://registry.npm.taobao.org/supports-color/download/supports-color-5.5.0.tgz?cache=0&sync_timestamp=1598611771865&other_urls=https%3A%2F%2Fregistry.npm.taobao.org%2Fsupports-color%2Fdownload%2Fsupports-color-5.5.0.tgz",
      "integrity": "sha1-4uaaRKyHcveKHsCzW2id9lMO/I8=",
      "dev": true,
      "requires": {
        "has-flag": "^3.0.0"
      }
    },
    "uniq": {
      "version": "1.0.1",
      "resolved": "https://registry.npm.taobao.org/uniq/download/uniq-1.0.1.tgz",
      "integrity": "sha1-sxxa6CVIRKOoKBVBzisEuGWnNP8=",
      "dev": true
    },
    "uri-js": {
      "version": "4.4.0",
      "resolved": "https://registry.npm.taobao.org/uri-js/download/uri-js-4.4.0.tgz?cache=0&sync_timestamp=1598814377097&other_urls=https%3A%2F%2Fregistry.npm.taobao.org%2Furi-js%2Fdownload%2Furi-js-4.4.0.tgz",
      "integrity": "sha1-qnFCYd55PoqCNHp7zJznTobyhgI=",
      "dev": true,
      "requires": {
        "punycode": "^2.1.0"
      }
    },
    "yaml": {
      "version": "1.10.0",
      "resolved": "https://registry.npm.taobao.org/yaml/download/yaml-1.10.0.tgz?cache=0&sync_timestamp=1598195039906&other_urls=https%3A%2F%2Fregistry.npm.taobao.org%2Fyaml%2Fdownload%2Fyaml-1.10.0.tgz",
      "integrity": "sha1-O1k63ZRIdgd9TWg/7gEIG9n/8x4=",
      "dev": true
    }
  }
}
